
Microsoft Visual Studio Solution File, Format Version 12.00
# Visual Studio Version 16
VisualStudioVersion = 16.0.29905.134
MinimumVisualStudioVersion = 10.0.40219.1
Project("{FAE04EC0-301F-11D3-BF4B-00C04F79EFBC}") = "DumpControlTemplate", "DumpControlTemplate.csproj", "{FDA37B10-CFFC-4578-BEE8-34B9264ACE92}"
EndProject
Global
	GlobalSection(SolutionConfigurationPlatforms) = preSolution
		Debug|Any CPU = Debug|Any CPU
		Release|Any CPU = Release|Any CPU
	EndGlobalSection
	GlobalSection(ProjectConfigurationPlatforms) = postSolution
		{FDA37B10-CFFC-4578-BEE8-34B9264ACE92}.Debug|Any CPU.ActiveCfg = Debug|Any CPU
		{FDA37B10-CFFC-4578-BEE8-34B9264ACE92}.Debug|Any CPU.Build.0 = Debug|Any CPU
		{FDA37B10-CFFC-4578-BEE8-34B9264ACE92}.Release|Any CPU.ActiveCfg = Release|Any CPU
		{FDA37B10-CFFC-4578-BEE8-34B9264ACE92}.Release|Any CPU.Build.0 = Release|Any CPU
	EndGlobalSection
	GlobalSection(SolutionProperties) = preSolution
		HideSolutionNode = FALSE
	EndGlobalSection
	GlobalSection(ExtensibilityGlobals) = postSolution
		SolutionGuid = {256D31A0-C4FD-4C06-83E1-9E42BAE1394F}
	EndGlobalSection
EndGlobal
